
Microsoft Visual Studio Solution File, Format Version 12.00
# Visual Studio Version 17
VisualStudioVersion = 17.3.32825.248
MinimumVisualStudioVersion = 10.0.40219.1
Project("{FAE04EC0-301F-11D3-BF4B-00C04F79EFBC}") = "ProduKey.Business", "ProduKey.Business\ProduKey.Business.csproj", "{5EBFBCCC-AAC7-46AB-94C8-33FDD2C7C848}"
EndProject
Project("{FAE04EC0-301F-11D3-BF4B-00C04F79EFBC}") = "ProduKey.DataAccess", "ProduKey.DataAccess\ProduKey.DataAccess.csproj", "{4AEADE18-798C-41B9-ABA8-70FD53AAAE43}"
EndProject
Project("{FAE04EC0-301F-11D3-BF4B-00C04F79EFBC}") = "ProduKey.Entity", "ProduKey.Entity\ProduKey.Entity.csproj", "{D6252C36-017C-4638-89F2-837329A8B038}"
EndProject
Project("{FAE04EC0-301F-11D3-BF4B-00C04F79EFBC}") = "ProduKey.UI", "ProduKey.UI\ProduKey.UI.csproj", "{4FE752C5-97FF-4E3E-B5B7-722DAF52EC0C}"
EndProject
Global
	GlobalSection(SolutionConfigurationPlatforms) = preSolution
		Debug|Any CPU = Debug|Any CPU
		Release|Any CPU = Release|Any CPU
	EndGlobalSection
	GlobalSection(ProjectConfigurationPlatforms) = postSolution
		{5EBFBCCC-AAC7-46AB-94C8-33FDD2C7C848}.Debug|Any CPU.ActiveCfg = Debug|Any CPU
		{5EBFBCCC-AAC7-46AB-94C8-33FDD2C7C848}.Debug|Any CPU.Build.0 = Debug|Any CPU
		{5EBFBCCC-AAC7-46AB-94C8-33FDD2C7C848}.Release|Any CPU.ActiveCfg = Release|Any CPU
		{5EBFBCCC-AAC7-46AB-94C8-33FDD2C7C848}.Release|Any CPU.Build.0 = Release|Any CPU
		{4AEADE18-798C-41B9-ABA8-70FD53AAAE43}.Debug|Any CPU.ActiveCfg = Debug|Any CPU
		{4AEADE18-798C-41B9-ABA8-70FD53AAAE43}.Debug|Any CPU.Build.0 = Debug|Any CPU
		{4AEADE18-798C-41B9-ABA8-70FD53AAAE43}.Release|Any CPU.ActiveCfg = Release|Any CPU
		{4AEADE18-798C-41B9-ABA8-70FD53AAAE43}.Release|Any CPU.Build.0 = Release|Any CPU
		{D6252C36-017C-4638-89F2-837329A8B038}.Debug|Any CPU.ActiveCfg = Debug|Any CPU
		{D6252C36-017C-4638-89F2-837329A8B038}.Debug|Any CPU.Build.0 = Debug|Any CPU
		{D6252C36-017C-4638-89F2-837329A8B038}.Release|Any CPU.ActiveCfg = Release|Any CPU
		{D6252C36-017C-4638-89F2-837329A8B038}.Release|Any CPU.Build.0 = Release|Any CPU
		{4FE752C5-97FF-4E3E-B5B7-722DAF52EC0C}.Debug|Any CPU.ActiveCfg = Debug|Any CPU
		{4FE752C5-97FF-4E3E-B5B7-722DAF52EC0C}.Debug|Any CPU.Build.0 = Debug|Any CPU
		{4FE752C5-97FF-4E3E-B5B7-722DAF52EC0C}.Release|Any CPU.ActiveCfg = Release|Any CPU
		{4FE752C5-97FF-4E3E-B5B7-722DAF52EC0C}.Release|Any CPU.Build.0 = Release|Any CPU
	EndGlobalSection
	GlobalSection(SolutionProperties) = preSolution
		HideSolutionNode = FALSE
	EndGlobalSection
	GlobalSection(ExtensibilityGlobals) = postSolution
		SolutionGuid = {8CCDD842-828F-4A7E-9DE2-D35CC5C883C4}
	EndGlobalSection
EndGlobal
